
Microsoft Visual Studio Solution File, Format Version 12.00
# Visual Studio 2013
VisualStudioVersion = 12.0.21005.1
MinimumVisualStudioVersion = 10.0.40219.1
Project("{FAE04EC0-301F-11D3-BF4B-00C04F79EFBC}") = "AirRecordSystem", "AirRecordSystem\AirRecordSystem.csproj", "{93B51CA0-5C4E-46DB-B6FC-C4AF1CC3DF38}"
EndProject
Project("{6141683F-8A12-4E36-9623-2EB02B2C2303}") = "AirRecordSetup", "AirRecordSetup\AirRecordSetup.isproj", "{452C6A7B-20F1-4BCD-990B-EE8C4229CC49}"
	ProjectSection(ProjectDependencies) = postProject
		{93B51CA0-5C4E-46DB-B6FC-C4AF1CC3DF38} = {93B51CA0-5C4E-46DB-B6FC-C4AF1CC3DF38}
	EndProjectSection
EndProject
Global
	GlobalSection(SolutionConfigurationPlatforms) = preSolution
		CD_ROM|Any CPU = CD_ROM|Any CPU
		Debug|Any CPU = Debug|Any CPU
		DVD-5|Any CPU = DVD-5|Any CPU
		Release|Any CPU = Release|Any CPU
		SingleImage|Any CPU = SingleImage|Any CPU
	EndGlobalSection
	GlobalSection(ProjectConfigurationPlatforms) = postSolution
		{93B51CA0-5C4E-46DB-B6FC-C4AF1CC3DF38}.CD_ROM|Any CPU.ActiveCfg = Release|Any CPU
		{93B51CA0-5C4E-46DB-B6FC-C4AF1CC3DF38}.CD_ROM|Any CPU.Build.0 = Release|Any CPU
		{93B51CA0-5C4E-46DB-B6FC-C4AF1CC3DF38}.Debug|Any CPU.ActiveCfg = Debug|Any CPU
		{93B51CA0-5C4E-46DB-B6FC-C4AF1CC3DF38}.Debug|Any CPU.Build.0 = Debug|Any CPU
		{93B51CA0-5C4E-46DB-B6FC-C4AF1CC3DF38}.DVD-5|Any CPU.ActiveCfg = Debug|Any CPU
		{93B51CA0-5C4E-46DB-B6FC-C4AF1CC3DF38}.DVD-5|Any CPU.Build.0 = Debug|Any CPU
		{93B51CA0-5C4E-46DB-B6FC-C4AF1CC3DF38}.Release|Any CPU.ActiveCfg = Release|Any CPU
		{93B51CA0-5C4E-46DB-B6FC-C4AF1CC3DF38}.Release|Any CPU.Build.0 = Release|Any CPU
		{93B51CA0-5C4E-46DB-B6FC-C4AF1CC3DF38}.SingleImage|Any CPU.ActiveCfg = Release|Any CPU
		{93B51CA0-5C4E-46DB-B6FC-C4AF1CC3DF38}.SingleImage|Any CPU.Build.0 = Release|Any CPU
		{452C6A7B-20F1-4BCD-990B-EE8C4229CC49}.CD_ROM|Any CPU.ActiveCfg = CD_ROM
		{452C6A7B-20F1-4BCD-990B-EE8C4229CC49}.CD_ROM|Any CPU.Build.0 = CD_ROM
		{452C6A7B-20F1-4BCD-990B-EE8C4229CC49}.Debug|Any CPU.ActiveCfg = DVD-5
		{452C6A7B-20F1-4BCD-990B-EE8C4229CC49}.Debug|Any CPU.Build.0 = DVD-5
		{452C6A7B-20F1-4BCD-990B-EE8C4229CC49}.DVD-5|Any CPU.ActiveCfg = DVD-5
		{452C6A7B-20F1-4BCD-990B-EE8C4229CC49}.DVD-5|Any CPU.Build.0 = DVD-5
		{452C6A7B-20F1-4BCD-990B-EE8C4229CC49}.Release|Any CPU.ActiveCfg = SingleImage
		{452C6A7B-20F1-4BCD-990B-EE8C4229CC49}.Release|Any CPU.Build.0 = SingleImage
		{452C6A7B-20F1-4BCD-990B-EE8C4229CC49}.SingleImage|Any CPU.ActiveCfg = SingleImage
		{452C6A7B-20F1-4BCD-990B-EE8C4229CC49}.SingleImage|Any CPU.Build.0 = SingleImage
	EndGlobalSection
	GlobalSection(SolutionProperties) = preSolution
		HideSolutionNode = FALSE
	EndGlobalSection
EndGlobal
